
Microsoft Visual Studio Solution File, Format Version 12.00
# Visual Studio Version 16
VisualStudioVersion = 16.0.31624.102
MinimumVisualStudioVersion = 10.0.40219.1
Project("{FAE04EC0-301F-11D3-BF4B-00C04F79EFBC}") = "ParserApplication", "ParserApplication\ParserApplication.csproj", "{098B884A-2D31-4204-A389-2AD7D7D3A857}"
EndProject
Global
	GlobalSection(SolutionConfigurationPlatforms) = preSolution
		Debug|Any CPU = Debug|Any CPU
		Release|Any CPU = Release|Any CPU
	EndGlobalSection
	GlobalSection(ProjectConfigurationPlatforms) = postSolution
		{098B884A-2D31-4204-A389-2AD7D7D3A857}.Debug|Any CPU.ActiveCfg = Debug|Any CPU
		{098B884A-2D31-4204-A389-2AD7D7D3A857}.Debug|Any CPU.Build.0 = Debug|Any CPU
		{098B884A-2D31-4204-A389-2AD7D7D3A857}.Release|Any CPU.ActiveCfg = Release|Any CPU
		{098B884A-2D31-4204-A389-2AD7D7D3A857}.Release|Any CPU.Build.0 = Release|Any CPU
	EndGlobalSection
	GlobalSection(SolutionProperties) = preSolution
		HideSolutionNode = FALSE
	EndGlobalSection
	GlobalSection(ExtensibilityGlobals) = postSolution
		SolutionGuid = {11192E0F-8795-4A44-9EC9-8684203EE9BE}
	EndGlobalSection
EndGlobal
